
Microsoft Visual Studio Solution File, Format Version 12.00
# Visual Studio Version 16
VisualStudioVersion = 16.0.30804.86
MinimumVisualStudioVersion = 10.0.40219.1
Project("{9A19103F-16F7-4668-BE54-9A1E7A4F7556}") = "BlazorApp2", "BlazorApp2\BlazorApp2.csproj", "{CC866D35-7F73-4796-9312-6A3F445A8AEB}"
EndProject
Project("{FAE04EC0-301F-11D3-BF4B-00C04F79EFBC}") = "Kyx", "Kyx\Kyx.csproj", "{5476D68B-DF7C-4449-A97E-A6995710E1FD}"
EndProject
Global
	GlobalSection(SolutionConfigurationPlatforms) = preSolution
		Debug|Any CPU = Debug|Any CPU
		Release|Any CPU = Release|Any CPU
	EndGlobalSection
	GlobalSection(ProjectConfigurationPlatforms) = postSolution
		{CC866D35-7F73-4796-9312-6A3F445A8AEB}.Debug|Any CPU.ActiveCfg = Debug|Any CPU
		{CC866D35-7F73-4796-9312-6A3F445A8AEB}.Debug|Any CPU.Build.0 = Debug|Any CPU
		{CC866D35-7F73-4796-9312-6A3F445A8AEB}.Release|Any CPU.ActiveCfg = Release|Any CPU
		{CC866D35-7F73-4796-9312-6A3F445A8AEB}.Release|Any CPU.Build.0 = Release|Any CPU
		{5476D68B-DF7C-4449-A97E-A6995710E1FD}.Debug|Any CPU.ActiveCfg = Debug|Any CPU
		{5476D68B-DF7C-4449-A97E-A6995710E1FD}.Debug|Any CPU.Build.0 = Debug|Any CPU
		{5476D68B-DF7C-4449-A97E-A6995710E1FD}.Release|Any CPU.ActiveCfg = Release|Any CPU
		{5476D68B-DF7C-4449-A97E-A6995710E1FD}.Release|Any CPU.Build.0 = Release|Any CPU
	EndGlobalSection
	GlobalSection(SolutionProperties) = preSolution
		HideSolutionNode = FALSE
	EndGlobalSection
	GlobalSection(ExtensibilityGlobals) = postSolution
		SolutionGuid = {EDB78219-D65D-4D75-BA05-58D019460269}
	EndGlobalSection
EndGlobal
